
Microsoft Visual Studio Solution File, Format Version 12.00
# Visual Studio 14
VisualStudioVersion = 14.0.25420.1
MinimumVisualStudioVersion = 10.0.40219.1
Project("{2150E333-8FDC-42A3-9474-1A3956D46DE8}") = "Calculator", "Calculator", "{1FA3D637-25D2-43C0-8CD2-9EE85186A8B9}"
EndProject
Project("{2150E333-8FDC-42A3-9474-1A3956D46DE8}") = "Serializer", "Serializer", "{94B302C0-1AE4-4F00-B904-FF183CA56CBB}"
EndProject
Project("{2150E333-8FDC-42A3-9474-1A3956D46DE8}") = "BankCard", "BankCard", "{B4CFEC4F-13D3-40C7-B558-68647D172715}"
EndProject
Project("{FAE04EC0-301F-11D3-BF4B-00C04F79EFBC}") = "Practice.Mef.Service", "Practice.Mef.Service\Practice.Mef.Service.csproj", "{64E9E919-F60C-434B-A46F-DFE2D8C42F00}"
EndProject
Project("{FAE04EC0-301F-11D3-BF4B-00C04F79EFBC}") = "Practice.Mef.Shell", "Practice.Mef.Shell\Practice.Mef.Shell.csproj", "{10ECE806-463A-474C-B434-E2F37B6789B6}"
EndProject
Project("{FAE04EC0-301F-11D3-BF4B-00C04F79EFBC}") = "BankService", "BankCard\BankService\BankService.csproj", "{7462BD4B-3203-466E-A695-5F43370F1DB0}"
EndProject
Project("{FAE04EC0-301F-11D3-BF4B-00C04F79EFBC}") = "BankOfChinaService", "BankCard\BankOfChinaService\BankOfChinaService.csproj", "{4CCE4C3E-9E6E-4011-B381-43A3B029DD64}"
EndProject
Project("{FAE04EC0-301F-11D3-BF4B-00C04F79EFBC}") = "ChinaConstructionBankService", "BankCard\ChinaConstructionBankService\ChinaConstructionBankService.csproj", "{42F9F84B-BEB7-4D77-97F8-C8F5DBB74139}"
EndProject
Project("{FAE04EC0-301F-11D3-BF4B-00C04F79EFBC}") = "Practice.Mef.Service.SimpleCalculator", "Calculator\Practice.Mef.Service.SimpleCalculator\Practice.Mef.Service.SimpleCalculator.csproj", "{DA3FCD89-9ECE-46E2-B445-363D4FE8A6F2}"
EndProject
Project("{FAE04EC0-301F-11D3-BF4B-00C04F79EFBC}") = "Practice.Mef.Service.SimpleJsonSerializer", "Serializer\Practice.Mef.Service.SimpleJsonSerializer\Practice.Mef.Service.SimpleJsonSerializer.csproj", "{924AAB6B-3500-4B44-81AD-3636040328A1}"
EndProject
Global
	GlobalSection(SolutionConfigurationPlatforms) = preSolution
		Debug|Any CPU = Debug|Any CPU
		Release|Any CPU = Release|Any CPU
	EndGlobalSection
	GlobalSection(ProjectConfigurationPlatforms) = postSolution
		{64E9E919-F60C-434B-A46F-DFE2D8C42F00}.Debug|Any CPU.ActiveCfg = Debug|Any CPU
		{64E9E919-F60C-434B-A46F-DFE2D8C42F00}.Debug|Any CPU.Build.0 = Debug|Any CPU
		{64E9E919-F60C-434B-A46F-DFE2D8C42F00}.Release|Any CPU.ActiveCfg = Release|Any CPU
		{64E9E919-F60C-434B-A46F-DFE2D8C42F00}.Release|Any CPU.Build.0 = Release|Any CPU
		{10ECE806-463A-474C-B434-E2F37B6789B6}.Debug|Any CPU.ActiveCfg = Debug|Any CPU
		{10ECE806-463A-474C-B434-E2F37B6789B6}.Debug|Any CPU.Build.0 = Debug|Any CPU
		{10ECE806-463A-474C-B434-E2F37B6789B6}.Release|Any CPU.ActiveCfg = Release|Any CPU
		{10ECE806-463A-474C-B434-E2F37B6789B6}.Release|Any CPU.Build.0 = Release|Any CPU
		{7462BD4B-3203-466E-A695-5F43370F1DB0}.Debug|Any CPU.ActiveCfg = Debug|Any CPU
		{7462BD4B-3203-466E-A695-5F43370F1DB0}.Debug|Any CPU.Build.0 = Debug|Any CPU
		{7462BD4B-3203-466E-A695-5F43370F1DB0}.Release|Any CPU.ActiveCfg = Release|Any CPU
		{7462BD4B-3203-466E-A695-5F43370F1DB0}.Release|Any CPU.Build.0 = Release|Any CPU
		{4CCE4C3E-9E6E-4011-B381-43A3B029DD64}.Debug|Any CPU.ActiveCfg = Debug|Any CPU
		{4CCE4C3E-9E6E-4011-B381-43A3B029DD64}.Debug|Any CPU.Build.0 = Debug|Any CPU
		{4CCE4C3E-9E6E-4011-B381-43A3B029DD64}.Release|Any CPU.ActiveCfg = Release|Any CPU
		{4CCE4C3E-9E6E-4011-B381-43A3B029DD64}.Release|Any CPU.Build.0 = Release|Any CPU
		{42F9F84B-BEB7-4D77-97F8-C8F5DBB74139}.Debug|Any CPU.ActiveCfg = Debug|Any CPU
		{42F9F84B-BEB7-4D77-97F8-C8F5DBB74139}.Debug|Any CPU.Build.0 = Debug|Any CPU
		{42F9F84B-BEB7-4D77-97F8-C8F5DBB74139}.Release|Any CPU.ActiveCfg = Release|Any CPU
		{42F9F84B-BEB7-4D77-97F8-C8F5DBB74139}.Release|Any CPU.Build.0 = Release|Any CPU
		{DA3FCD89-9ECE-46E2-B445-363D4FE8A6F2}.Debug|Any CPU.ActiveCfg = Debug|Any CPU
		{DA3FCD89-9ECE-46E2-B445-363D4FE8A6F2}.Debug|Any CPU.Build.0 = Debug|Any CPU
		{DA3FCD89-9ECE-46E2-B445-363D4FE8A6F2}.Release|Any CPU.ActiveCfg = Release|Any CPU
		{DA3FCD89-9ECE-46E2-B445-363D4FE8A6F2}.Release|Any CPU.Build.0 = Release|Any CPU
		{924AAB6B-3500-4B44-81AD-3636040328A1}.Debug|Any CPU.ActiveCfg = Debug|Any CPU
		{924AAB6B-3500-4B44-81AD-3636040328A1}.Debug|Any CPU.Build.0 = Debug|Any CPU
		{924AAB6B-3500-4B44-81AD-3636040328A1}.Release|Any CPU.ActiveCfg = Release|Any CPU
		{924AAB6B-3500-4B44-81AD-3636040328A1}.Release|Any CPU.Build.0 = Release|Any CPU
	EndGlobalSection
	GlobalSection(SolutionProperties) = preSolution
		HideSolutionNode = FALSE
	EndGlobalSection
	GlobalSection(NestedProjects) = preSolution
		{7462BD4B-3203-466E-A695-5F43370F1DB0} = {B4CFEC4F-13D3-40C7-B558-68647D172715}
		{4CCE4C3E-9E6E-4011-B381-43A3B029DD64} = {B4CFEC4F-13D3-40C7-B558-68647D172715}
		{42F9F84B-BEB7-4D77-97F8-C8F5DBB74139} = {B4CFEC4F-13D3-40C7-B558-68647D172715}
		{DA3FCD89-9ECE-46E2-B445-363D4FE8A6F2} = {1FA3D637-25D2-43C0-8CD2-9EE85186A8B9}
		{924AAB6B-3500-4B44-81AD-3636040328A1} = {94B302C0-1AE4-4F00-B904-FF183CA56CBB}
	EndGlobalSection
EndGlobal
